// !$*UTF8*$!
{
	archiveVersion = 1;
	classes = {
	};
	objectVersion = 46;
	objects = {

/* Begin PBXBuildFile section */
		3CB502991DE2D4B5004D68E4 /* login.m in Sources */ = {isa = PBXBuildFile; fileRef = 3CB502981DE2D4B5004D68E4 /* login.m */; };
		3CF0F9501DB31AB800F21402 /* main.m in Sources */ = {isa = PBXBuildFile; fileRef = 3CF0F94F1DB31AB800F21402 /* main.m */; };
		3CF0F9531DB31AB800F21402 /* AppDelegate.m in Sources */ = {isa = PBXBuildFile; fileRef = 3CF0F9521DB31AB800F21402 /* AppDelegate.m */; };
		3CF0F9561DB31AB800F21402 /* ViewController.m in Sources */ = {isa = PBXBuildFile; fileRef = 3CF0F9551DB31AB800F21402 /* ViewController.m */; };
		3CF0F9591DB31AB800F21402 /* Main.storyboard in Resources */ = {isa = PBXBuildFile; fileRef = 3CF0F9571DB31AB800F21402 /* Main.storyboard */; };
		3CF0F95C1DB31AB800F21402 /* loginscreen.xcdatamodeld in Sources */ = {isa = PBXBuildFile; fileRef = 3CF0F95A1DB31AB800F21402 /* loginscreen.xcdatamodeld */; };
		3CF0F95E1DB31AB800F21402 /* Assets.xcassets in Resources */ = {isa = PBXBuildFile; fileRef = 3CF0F95D1DB31AB800F21402 /* Assets.xcassets */; };
		3CF0F9611DB31AB800F21402 /* LaunchScreen.storyboard in Resources */ = {isa = PBXBuildFile; fileRef = 3CF0F95F1DB31AB800F21402 /* LaunchScreen.storyboard */; };
/* End PBXBuildFile section */

/* Begin PBXFileReference section */
		3CB502971DE2D4B5004D68E4 /* login.h */ = {isa = PBXFileReference; fileEncoding = 4; lastKnownFileType = sourcecode.c.h; path = login.h; sourceTree = "<group>"; };
		3CB502981DE2D4B5004D68E4 /* login.m */ = {isa = PBXFileReference; fileEncoding = 4; lastKnownFileType = sourcecode.c.objc; path = login.m; sourceTree = "<group>"; };
		3CF0F94B1DB31AB600F21402 /* loginscreen.app */ = {isa = PBXFileReference; explicitFileType = wrapper.application; includeInIndex = 0; path = loginscreen.app; sourceTree = BUILT_PRODUCTS_DIR; };
		3CF0F94F1DB31AB800F21402 /* main.m */ = {isa = PBXFileReference; lastKnownFileType = sourcecode.c.objc; path = main.m; sourceTree = "<group>"; };
		3CF0F9511DB31AB800F21402 /* AppDelegate.h */ = {isa = PBXFileReference; lastKnownFileType = sourcecode.c.h; path = AppDelegate.h; sourceTree = "<group>"; };
		3CF0F9521DB31AB800F21402 /* AppDelegate.m */ = {isa = PBXFileReference; lastKnownFileType = sourcecode.c.objc; path = AppDelegate.m; sourceTree = "<group>"; };
		3CF0F9541DB31AB800F21402 /* ViewController.h */ = {isa = PBXFileReference; lastKnownFileType = sourcecode.c.h; path = ViewController.h; sourceTree = "<group>"; };
		3CF0F9551DB31AB800F21402 /* ViewController.m */ = {isa = PBXFileReference; lastKnownFileType = sourcecode.c.objc; path = ViewController.m; sourceTree = "<group>"; };
		3CF0F9581DB31AB800F21402 /* Base */ = {isa = PBXFileReference; lastKnownFileType = file.storyboard; name = Base; path = Base.lproj/Main.storyboard; sourceTree = "<group>"; };
		3CF0F95B1DB31AB800F21402 /* loginscreen.xcdatamodel */ = {isa = PBXFileReference; lastKnownFileType = wrapper.xcdatamodel; path = loginscreen.xcdatamodel; sourceTree = "<group>"; };
		3CF0F95D1DB31AB800F21402 /* Assets.xcassets */ = {isa = PBXFileReference; lastKnownFileType = folder.assetcatalog; path = Assets.xcassets; sourceTree = "<group>"; };
		3CF0F9601DB31AB800F21402 /* Base */ = {isa = PBXFileReference; lastKnownFileType = file.storyboard; name = Base; path = Base.lproj/LaunchScreen.storyboard; sourceTree = "<group>"; };
		3CF0F9621DB31AB800F21402 /* Info.plist */ = {isa = PBXFileReference; lastKnownFileType = text.plist.xml; path = Info.plist; sourceTree = "<group>"; };
/* End PBXFileReference section */

/* Begin PBXFrameworksBuildPhase section */
		3CF0F9481DB31AB600F21402 /* Frameworks */ = {
			isa = PBXFrameworksBuildPhase;
			buildActionMask = 2147483647;
			files = (
			);
			runOnlyForDeploymentPostprocessing = 0;
		};
/* End PBXFrameworksBuildPhase section */

/* Begin PBXGroup section */
		3CF0F9421DB31AB600F21402 = {
			isa = PBXGroup;
			children = (
				3CF0F94D1DB31AB800F21402 /* loginscreen */,
				3CF0F94C1DB31AB600F21402 /* Products */,
			);
			sourceTree = "<group>";
		};
		3CF0F94C1DB31AB600F21402 /* Products */ = {
			isa = PBXGroup;
			children = (
				3CF0F94B1DB31AB600F21402 /* loginscreen.app */,
			);
			name = Products;
			sourceTree = "<group>";
		};
		3CF0F94D1DB31AB800F21402 /* loginscreen */ = {
			isa = PBXGroup;
			children = (
				3CF0F9511DB31AB800F21402 /* AppDelegate.h */,
				3CF0F9521DB31AB800F21402 /* AppDelegate.m */,
				3CF0F9541DB31AB800F21402 /* ViewController.h */,
				3CF0F9551DB31AB800F21402 /* ViewController.m */,
				3CB502971DE2D4B5004D68E4 /* login.h */,
				3CB502981DE2D4B5004D68E4 /* login.m */,
				3CF0F9571DB31AB800F21402 /* Main.storyboard */,
				3CF0F95D1DB31AB800F21402 /* Assets.xcassets */,
				3CF0F95F1DB31AB800F21402 /* LaunchScreen.storyboard */,
				3CF0F9621DB31AB800F21402 /* Info.plist */,
				3CF0F95A1DB31AB800F21402 /* loginscreen.xcdatamodeld */,
				3CF0F94E1DB31AB800F21402 /* Supporting Files */,
			);
			path = loginscreen;
			sourceTree = "<group>";
		};
		3CF0F94E1DB31AB800F21402 /* Supporting Files */ = {
			isa = PBXGroup;
			children = (
				3CF0F94F1DB31AB800F21402 /* main.m */,
			);
			name = "Supporting Files";
			sourceTree = "<group>";
		};
/* End PBXGroup section */

/* Begin PBXNativeTarget section */
		3CF0F94A1DB31AB600F21402 /* loginscreen */ = {
			isa = PBXNativeTarget;
			buildConfigurationList = 3CF0F9651DB31AB800F21402 /* Build configuration list for PBXNativeTarget "loginscreen" */;
			buildPhases = (
				3CF0F9471DB31AB600F21402 /* Sources */,
				3CF0F9481DB31AB600F21402 /* Frameworks */,
				3CF0F9491DB31AB600F21402 /* Resources */,
			);
			buildRules = (
			);
			dependencies = (
			);
			name = loginscreen;
			productName = loginscreen;
			productReference = 3CF0F94B1DB31AB600F21402 /* loginscreen.app */;
			productType = "com.apple.product-type.application";
		};
/* End PBXNativeTarget section */

/* Begin PBXProject section */
		3CF0F9431DB31AB600F21402 /* Project object */ = {
			isa = PBXProject;
			attributes = {
				LastUpgradeCheck = 0730;
				ORGANIZATIONNAME = Greens;
				TargetAttributes = {
					3CF0F94A1DB31AB600F21402 = {
						CreatedOnToolsVersion = 7.3.1;
						DevelopmentTeam = 44B4HL5WCW;
					};
				};
			};
			buildConfigurationList = 3CF0F9461DB31AB600F21402 /* Build configuration list for PBXProject "loginscreen" */;
			compatibilityVersion = "Xcode 3.2";
			developmentRegion = English;
			hasScannedForEncodings = 0;
			knownRegions = (
				en,
				Base,
			);
			mainGroup = 3CF0F9421DB31AB600F21402;
			productRefGroup = 3CF0F94C1DB31AB600F21402 /* Products */;
			projectDirPath = "";
			projectRoot = "";
			targets = (
				3CF0F94A1DB31AB600F21402 /* loginscreen */,
			);
		};
/* End PBXProject section */

/* Begin PBXResourcesBuildPhase section */
		3CF0F9491DB31AB600F21402 /* Resources */ = {
			isa = PBXResourcesBuildPhase;
			buildActionMask = 2147483647;
			files = (
				3CF0F9611DB31AB800F21402 /* LaunchScreen.storyboard in Resources */,
				3CF0F95E1DB31AB800F21402 /* Assets.xcassets in Resources */,
				3CF0F9591DB31AB800F21402 /* Main.storyboard in Resources */,
			);
			runOnlyForDeploymentPostprocessing = 0;
		};
/* End PBXResourcesBuildPhase section */

/* Begin PBXSourcesBuildPhase section */
		3CF0F9471DB31AB600F21402 /* Sources */ = {
			isa = PBXSourcesBuildPhase;
			buildActionMask = 2147483647;
			files = (
				3CF0F9561DB31AB800F21402 /* ViewController.m in Sources */,
				3CF0F95C1DB31AB800F21402 /* loginscreen.xcdatamodeld in Sources */,
				3CB502991DE2D4B5004D68E4 /* login.m in Sources */,
				3CF0F9531DB31AB800F21402 /* AppDelegate.m in Sources */,
				3CF0F9501DB31AB800F21402 /* main.m in Sources */,
			);
			runOnlyForDeploymentPostprocessing = 0;
		};
/* End PBXSourcesBuildPhase section */

/* Begin PBXVariantGroup section */
		3CF0F9571DB31AB800F21402 /* Main.storyboard */ = {
			isa = PBXVariantGroup;
			children = (
				3CF0F9581DB31AB800F21402 /* Base */,
			);
			name = Main.storyboard;
			sourceTree = "<group>";
		};
		3CF0F95F1DB31AB800F21402 /* LaunchScreen.storyboard */ = {
			isa = PBXVariantGroup;
			children = (
				3CF0F9601DB31AB800F21402 /* Base */,
			);
			name = LaunchScreen.storyboard;
			sourceTree = "<group>";
		};
/* End PBXVariantGroup section */

/* Begin XCBuildConfiguration section */
		3CF0F9631DB31AB800F21402 /* Debug */ = {
			isa = XCBuildConfiguration;
			buildSettings = {
				ALWAYS_SEARCH_USER_PATHS = NO;
				CLANG_ANALYZER_NONNULL = YES;
				CLANG_CXX_LANGUAGE_STANDARD = "gnu++0x";
				CLANG_CXX_LIBRARY = "libc++";
				CLANG_ENABLE_MODULES = YES;
				CLANG_ENABLE_OBJC_ARC = YES;
				CLANG_WARN_BOOL_CONVERSION = YES;
				CLANG_WARN_CONSTANT_CONVERSION = YES;
				CLANG_WARN_DIRECT_OBJC_ISA_USAGE = YES_ERROR;
				CLANG_WARN_EMPTY_BODY = YES;
				CLANG_WARN_ENUM_CONVERSION = YES;
				CLANG_WARN_INT_CONVERSION = YES;
				CLANG_WARN_OBJC_ROOT_CLASS = YES_ERROR;
				CLANG_WARN_UNREACHABLE_CODE = YES;
				CLANG_WARN__DUPLICATE_METHOD_MATCH = YES;
				"CODE_SIGN_IDENTITY[sdk=iphoneos*]" = "iPhone Developer";
				COPY_PHASE_STRIP = NO;
				DEBUG_INFORMATION_FORMAT = dwarf;
				ENABLE_STRICT_OBJC_MSGSEND = YES;
				ENABLE_TESTABILITY = YES;
				GCC_C_LANGUAGE_STANDARD = gnu99;
				GCC_DYNAMIC_NO_PIC = NO;
				GCC_NO_COMMON_BLOCKS = YES;
				GCC_OPTIMIZATION_LEVEL = 0;
				GCC_PREPROCESSOR_DEFINITIONS = (
					"DEBUG=1",
					"$(inherited)",
				);
				GCC_WARN_64_TO_32_BIT_CONVERSION = YES;
				GCC_WARN_ABOUT_RETURN_TYPE = YES_ERROR;
				GCC_WARN_UNDECLARED_SELECTOR = YES;
				GCC_WARN_UNINITIALIZED_AUTOS = YES_AGGRESSIVE;
				GCC_WARN_UNUSED_FUNCTION = YES;
				GCC_WARN_UNUSED_VARIABLE = YES;
				IPHONEOS_DEPLOYMENT_TARGET = 9.3;
				MTL_ENABLE_DEBUG_INFO = YES;
				ONLY_ACTIVE_ARCH = YES;
				SDKROOT = iphoneos;
			};
			name = Debug;
		};
		3CF0F9641DB31AB800F21402 /* Release */ = {
			isa = XCBuildConfiguration;
			buildSettings = {
				ALWAYS_SEARCH_USER_PATHS = NO;
				CLANG_ANALYZER_NONNULL = YES;
				CLANG_CXX_LANGUAGE_STANDARD = "gnu++0x";
				CLANG_CXX_LIBRARY = "libc++";
				CLANG_ENABLE_MODULES = YES;
				CLANG_ENABLE_OBJC_ARC = YES;
				CLANG_WARN_BOOL_CONVERSION = YES;
				CLANG_WARN_CONSTANT_CONVERSION = YES;
				CLANG_WARN_DIRECT_OBJC_ISA_USAGE = YES_ERROR;
				CLANG_WARN_EMPTY_BODY = YES;
				CLANG_WARN_ENUM_CONVERSION = YES;
				CLANG_WARN_INT_CONVERSION = YES;
				CLANG_WARN_OBJC_ROOT_CLASS = YES_ERROR;
				CLANG_WARN_UNREACHABLE_CODE = YES;
				CLANG_WARN__DUPLICATE_METHOD_MATCH = YES;
				"CODE_SIGN_IDENTITY[sdk=iphoneos*]" = "iPhone Developer";
				COPY_PHASE_STRIP = NO;
				DEBUG_INFORMATION_FORMAT = "dwarf-with-dsym";
				ENABLE_NS_ASSERTIONS = NO;
				ENABLE_STRICT_OBJC_MSGSEND = YES;
				GCC_C_LANGUAGE_STANDARD = gnu99;
				GCC_NO_COMMON_BLOCKS = YES;
				GCC_WARN_64_TO_32_BIT_CONVERSION = YES;
				GCC_WARN_ABOUT_RETURN_TYPE = YES_ERROR;
				GCC_WARN_UNDECLARED_SELECTOR = YES;
				GCC_WARN_UNINITIALIZED_AUTOS = YES_AGGRESSIVE;
				GCC_WARN_UNUSED_FUNCTION = YES;
				GCC_WARN_UNUSED_VARIABLE = YES;
				IPHONEOS_DEPLOYMENT_TARGET = 9.3;
				MTL_ENABLE_DEBUG_INFO = NO;
				SDKROOT = iphoneos;
				VALIDATE_PRODUCT = YES;
			};
			name = Release;
		};
		3CF0F9661DB31AB800F21402 /* Debug */ = {
			isa = XCBuildConfiguration;
			buildSettings = {
				ASSETCATALOG_COMPILER_APPICON_NAME = AppIcon;
				INFOPLIST_FILE = loginscreen/Info.plist;
				LD_RUNPATH_SEARCH_PATHS = "$(inherited) @executable_path/Frameworks";
				PRODUCT_BUNDLE_IDENTIFIER = com.greens.loginscreen;
				PRODUCT_NAME = "$(TARGET_NAME)";
			};
			name = Debug;
		};
		3CF0F9671DB31AB800F21402 /* Release */ = {
			isa = XCBuildConfiguration;
			buildSettings = {
				ASSETCATALOG_COMPILER_APPICON_NAME = AppIcon;
				INFOPLIST_FILE = loginscreen/Info.plist;
				LD_RUNPATH_SEARCH_PATHS = "$(inherited) @executable_path/Frameworks";
				PRODUCT_BUNDLE_IDENTIFIER = com.greens.loginscreen;
				PRODUCT_NAME = "$(TARGET_NAME)";
			};
			name = Release;
		};
/* End XCBuildConfiguration section */

/* Begin XCConfigurationList section */
		3CF0F9461DB31AB600F21402 /* Build configuration list for PBXProject "loginscreen" */ = {
			isa = XCConfigurationList;
			buildConfigurations = (
				3CF0F9631DB31AB800F21402 /* Debug */,
				3CF0F9641DB31AB800F21402 /* Release */,
			);
			defaultConfigurationIsVisible = 0;
			defaultConfigurationName = Release;
		};
		3CF0F9651DB31AB800F21402 /* Build configuration list for PBXNativeTarget "loginscreen" */ = {
			isa = XCConfigurationList;
			buildConfigurations = (
				3CF0F9661DB31AB800F21402 /* Debug */,
				3CF0F9671DB31AB800F21402 /* Release */,
			);
			defaultConfigurationIsVisible = 0;
			defaultConfigurationName = Release;
		};
/* End XCConfigurationList section */

/* Begin XCVersionGroup section */
		3CF0F95A1DB31AB800F21402 /* loginscreen.xcdatamodeld */ = {
			isa = XCVersionGroup;
			children = (
				3CF0F95B1DB31AB800F21402 /* loginscreen.xcdatamodel */,
			);
			currentVersion = 3CF0F95B1DB31AB800F21402 /* loginscreen.xcdatamodel */;
			path = loginscreen.xcdatamodeld;
			sourceTree = "<group>";
			versionGroupType = wrapper.xcdatamodel;
		};
/* End XCVersionGroup section */
	};
	rootObject = 3CF0F9431DB31AB600F21402 /* Project object */;
}
